{
  "name": "inception",
  "version": "1.0.0",
  "lockfileVersion": 1,
  "requires": true,
  "dependencies": {
    "axios": {
      "version": "0.21.1",
      "resolved": "https://registry.npmjs.org/axios/-/axios-0.21.1.tgz",
      "integrity": "sha512-dKQiRHxGD9PPRIUNIWvZhPTPpl1rf/OxTYKsqKUDjBwYylTvV7SjSHJb9ratfyzM6wCdLCOYLzs73qpg5c4iGA==",
      "requires": {
        "follow-redirects": "^1.10.0"
      }
    },
    "ffprobe-client": {
      "version": "1.1.6",
      "resolved": "https://registry.npmjs.org/ffprobe-client/-/ffprobe-client-1.1.6.tgz",
      "integrity": "sha512-n+wNlD9QC0nHsBUJGYljYAB1gwtuNxXQh0V4Am6M2T3h8Is7qR2hwrrC5Pjc9YNE4MpIslaQUe7+c9wPCarVJQ=="
    },
    "follow-redirects": {
      "version": "1.13.1",
      "resolved": "https://registry.npmjs.org/follow-redirects/-/follow-redirects-1.13.1.tgz",
      "integrity": "sha512-SSG5xmZh1mkPGyKzjZP8zLjltIfpW32Y5QpdNJyjcfGxK3qo3NDDkZOZSFiGn1A6SclQxY9GzEwAHQ3dmYRWpg=="
    }
  }
}
